{
  "name": "@meteora-digital/template",
  "version": "1.0.1",
  "lockfileVersion": 1,
  "requires": true,
  "dependencies": {
    "@meteora-digital/helpers": {
      "version": "1.0.6",
      "resolved": "https://registry.npmjs.org/@meteora-digital/helpers/-/helpers-1.0.6.tgz",
      "integrity": "sha512-JPBVOYmZTcVUwwdwQCM6ulb5kfr9CfpkcWNmQtWZDveugrVNlrTw497B4Gho4d0THIsA/6u6tuJvdr0DZnAn/Q=="
    }
  }
}
